// !$*UTF8*$!
{
	archiveVersion = 1;
	classes = {
	};
	objectVersion = 77;
	objects = {

/* Begin PBXContainerItemProxy section */
		BDB5BEA62CF3045200B6BB49 /* PBXContainerItemProxy */ = {
			isa = PBXContainerItemProxy;
			containerPortal = BDB5BE8D2CF3045000B6BB49 /* Project object */;
			proxyType = 1;
			remoteGlobalIDString = BDB5BE942CF3045000B6BB49;
			remoteInfo = Pointcloud;
		};
		BDB5BEB02CF3045200B6BB49 /* PBXContainerItemProxy */ = {
			isa = PBXContainerItemProxy;
			containerPortal = BDB5BE8D2CF3045000B6BB49 /* Project object */;
			proxyType = 1;
			remoteGlobalIDString = BDB5BE942CF3045000B6BB49;
			remoteInfo = Pointcloud;
		};
/* End PBXContainerItemProxy section */

/* Begin PBXFileReference section */
		BDB5BE952CF3045000B6BB49 /* Pointcloud.app */ = {isa = PBXFileReference; explicitFileType = wrapper.application; includeInIndex = 0; path = Pointcloud.app; sourceTree = BUILT_PRODUCTS_DIR; };
		BDB5BEA52CF3045200B6BB49 /* PointcloudTests.xctest */ = {isa = PBXFileReference; explicitFileType = wrapper.cfbundle; includeInIndex = 0; path = PointcloudTests.xctest; sourceTree = BUILT_PRODUCTS_DIR; };
		BDB5BEAF2CF3045200B6BB49 /* PointcloudUITests.xctest */ = {isa = PBXFileReference; explicitFileType = wrapper.cfbundle; includeInIndex = 0; path = PointcloudUITests.xctest; sourceTree = BUILT_PRODUCTS_DIR; };
/* End PBXFileReference section */

/* Begin PBXFileSystemSynchronizedRootGroup section */
		BDB5BE972CF3045000B6BB49 /* Pointcloud */ = {
			isa = PBXFileSystemSynchronizedRootGroup;
			path = Pointcloud;
			sourceTree = "<group>";
		};
		BDB5BEA82CF3045200B6BB49 /* PointcloudTests */ = {
			isa = PBXFileSystemSynchronizedRootGroup;
			path = PointcloudTests;
			sourceTree = "<group>";
		};
		BDB5BEB22CF3045200B6BB49 /* PointcloudUITests */ = {
			isa = PBXFileSystemSynchronizedRootGroup;
			path = PointcloudUITests;
			sourceTree = "<group>";
		};
/* End PBXFileSystemSynchronizedRootGroup section */

/* Begin PBXFrameworksBuildPhase section */
		BDB5BE922CF3045000B6BB49 /* Frameworks */ = {
			isa = PBXFrameworksBuildPhase;
			buildActionMask = 2147483647;
			files = (
			);
			runOnlyForDeploymentPostprocessing = 0;
		};
		BDB5BEA22CF3045200B6BB49 /* Frameworks */ = {
			isa = PBXFrameworksBuildPhase;
			buildActionMask = 2147483647;
			files = (
			);
			runOnlyForDeploymentPostprocessing = 0;
		};
		BDB5BEAC2CF3045200B6BB49 /* Frameworks */ = {
			isa = PBXFrameworksBuildPhase;
			buildActionMask = 2147483647;
			files = (
			);
			runOnlyForDeploymentPostprocessing = 0;
		};
/* End PBXFrameworksBuildPhase section */

/* Begin PBXGroup section */
		BDB5BE8C2CF3045000B6BB49 = {
			isa = PBXGroup;
			children = (
				BDB5BE972CF3045000B6BB49 /* Pointcloud */,
				BDB5BEA82CF3045200B6BB49 /* PointcloudTests */,
				BDB5BEB22CF3045200B6BB49 /* PointcloudUITests */,
				BDB5BE962CF3045000B6BB49 /* Products */,
			);
			sourceTree = "<group>";
		};
		BDB5BE962CF3045000B6BB49 /* Products */ = {
			isa = PBXGroup;
			children = (
				BDB5BE952CF3045000B6BB49 /* Pointcloud.app */,
				BDB5BEA52CF3045200B6BB49 /* PointcloudTests.xctest */,
				BDB5BEAF2CF3045200B6BB49 /* PointcloudUITests.xctest */,
			);
			name = Products;
			sourceTree = "<group>";
		};
/* End PBXGroup section */

/* Begin PBXNativeTarget section */
		BDB5BE942CF3045000B6BB49 /* Pointcloud */ = {
			isa = PBXNativeTarget;
			buildConfigurationList = BDB5BEB92CF3045200B6BB49 /* Build configuration list for PBXNativeTarget "Pointcloud" */;
			buildPhases = (
				BDB5BE912CF3045000B6BB49 /* Sources */,
				BDB5BE922CF3045000B6BB49 /* Frameworks */,
				BDB5BE932CF3045000B6BB49 /* Resources */,
			);
			buildRules = (
			);
			dependencies = (
			);
			fileSystemSynchronizedGroups = (
				BDB5BE972CF3045000B6BB49 /* Pointcloud */,
			);
			name = Pointcloud;
			packageProductDependencies = (
			);
			productName = Pointcloud;
			productReference = BDB5BE952CF3045000B6BB49 /* Pointcloud.app */;
			productType = "com.apple.product-type.application";
		};
		BDB5BEA42CF3045200B6BB49 /* PointcloudTests */ = {
			isa = PBXNativeTarget;
			buildConfigurationList = BDB5BEBC2CF3045200B6BB49 /* Build configuration list for PBXNativeTarget "PointcloudTests" */;
			buildPhases = (
				BDB5BEA12CF3045200B6BB49 /* Sources */,
				BDB5BEA22CF3045200B6BB49 /* Frameworks */,
				BDB5BEA32CF3045200B6BB49 /* Resources */,
			);
			buildRules = (
			);
			dependencies = (
				BDB5BEA72CF3045200B6BB49 /* PBXTargetDependency */,
			);
			fileSystemSynchronizedGroups = (
				BDB5BEA82CF3045200B6BB49 /* PointcloudTests */,
			);
			name = PointcloudTests;
			packageProductDependencies = (
			);
			productName = PointcloudTests;
			productReference = BDB5BEA52CF3045200B6BB49 /* PointcloudTests.xctest */;
			productType = "com.apple.product-type.bundle.unit-test";
		};
		BDB5BEAE2CF3045200B6BB49 /* PointcloudUITests */ = {
			isa = PBXNativeTarget;
			buildConfigurationList = BDB5BEBF2CF3045200B6BB49 /* Build configuration list for PBXNativeTarget "PointcloudUITests" */;
			buildPhases = (
				BDB5BEAB2CF3045200B6BB49 /* Sources */,
				BDB5BEAC2CF3045200B6BB49 /* Frameworks */,
				BDB5BEAD2CF3045200B6BB49 /* Resources */,
			);
			buildRules = (
			);
			dependencies = (
				BDB5BEB12CF3045200B6BB49 /* PBXTargetDependency */,
			);
			fileSystemSynchronizedGroups = (
				BDB5BEB22CF3045200B6BB49 /* PointcloudUITests */,
			);
			name = PointcloudUITests;
			packageProductDependencies = (
			);
			productName = PointcloudUITests;
			productReference = BDB5BEAF2CF3045200B6BB49 /* PointcloudUITests.xctest */;
			productType = "com.apple.product-type.bundle.ui-testing";
		};
/* End PBXNativeTarget section */

/* Begin PBXProject section */
		BDB5BE8D2CF3045000B6BB49 /* Project object */ = {
			isa = PBXProject;
			attributes = {
				BuildIndependentTargetsInParallel = 1;
				LastSwiftUpdateCheck = 1610;
				LastUpgradeCheck = 1610;
				TargetAttributes = {
					BDB5BE942CF3045000B6BB49 = {
						CreatedOnToolsVersion = 16.1;
					};
					BDB5BEA42CF3045200B6BB49 = {
						CreatedOnToolsVersion = 16.1;
						TestTargetID = BDB5BE942CF3045000B6BB49;
					};
					BDB5BEAE2CF3045200B6BB49 = {
						CreatedOnToolsVersion = 16.1;
						TestTargetID = BDB5BE942CF3045000B6BB49;
					};
				};
			};
			buildConfigurationList = BDB5BE902CF3045000B6BB49 /* Build configuration list for PBXProject "Pointcloud" */;
			developmentRegion = en;
			hasScannedForEncodings = 0;
			knownRegions = (
				en,
				Base,
			);
			mainGroup = BDB5BE8C2CF3045000B6BB49;
			minimizedProjectReferenceProxies = 1;
			preferredProjectObjectVersion = 77;
			productRefGroup = BDB5BE962CF3045000B6BB49 /* Products */;
			projectDirPath = "";
			projectRoot = "";
			targets = (
				BDB5BE942CF3045000B6BB49 /* Pointcloud */,
				BDB5BEA42CF3045200B6BB49 /* PointcloudTests */,
				BDB5BEAE2CF3045200B6BB49 /* PointcloudUITests */,
			);
		};
/* End PBXProject section */

/* Begin PBXResourcesBuildPhase section */
		BDB5BE932CF3045000B6BB49 /* Resources */ = {
			isa = PBXResourcesBuildPhase;
			buildActionMask = 2147483647;
			files = (
			);
			runOnlyForDeploymentPostprocessing = 0;
		};
		BDB5BEA32CF3045200B6BB49 /* Resources */ = {
			isa = PBXResourcesBuildPhase;
			buildActionMask = 2147483647;
			files = (
			);
			runOnlyForDeploymentPostprocessing = 0;
		};
		BDB5BEAD2CF3045200B6BB49 /* Resources */ = {
			isa = PBXResourcesBuildPhase;
			buildActionMask = 2147483647;
			files = (
			);
			runOnlyForDeploymentPostprocessing = 0;
		};
/* End PBXResourcesBuildPhase section */

/* Begin PBXSourcesBuildPhase section */
		BDB5BE912CF3045000B6BB49 /* Sources */ = {
			isa = PBXSourcesBuildPhase;
			buildActionMask = 2147483647;
			files = (
			);
			runOnlyForDeploymentPostprocessing = 0;
		};
		BDB5BEA12CF3045200B6BB49 /* Sources */ = {
			isa = PBXSourcesBuildPhase;
			buildActionMask = 2147483647;
			files = (
			);
			runOnlyForDeploymentPostprocessing = 0;
		};
		BDB5BEAB2CF3045200B6BB49 /* Sources */ = {
			isa = PBXSourcesBuildPhase;
			buildActionMask = 2147483647;
			files = (
			);
			runOnlyForDeploymentPostprocessing = 0;
		};
/* End PBXSourcesBuildPhase section */

/* Begin PBXTargetDependency section */
		BDB5BEA72CF3045200B6BB49 /* PBXTargetDependency */ = {
			isa = PBXTargetDependency;
			target = BDB5BE942CF3045000B6BB49 /* Pointcloud */;
			targetProxy = BDB5BEA62CF3045200B6BB49 /* PBXContainerItemProxy */;
		};
		BDB5BEB12CF3045200B6BB49 /* PBXTargetDependency */ = {
			isa = PBXTargetDependency;
			target = BDB5BE942CF3045000B6BB49 /* Pointcloud */;
			targetProxy = BDB5BEB02CF3045200B6BB49 /* PBXContainerItemProxy */;
		};
/* End PBXTargetDependency section */

/* Begin XCBuildConfiguration section */
		BDB5BEB72CF3045200B6BB49 /* Debug */ = {
			isa = XCBuildConfiguration;
			buildSettings = {
				ALWAYS_SEARCH_USER_PATHS = NO;
				ASSETCATALOG_COMPILER_GENERATE_SWIFT_ASSET_SYMBOL_EXTENSIONS = YES;
				CLANG_ANALYZER_NONNULL = YES;
				CLANG_ANALYZER_NUMBER_OBJECT_CONVERSION = YES_AGGRESSIVE;
				CLANG_CXX_LANGUAGE_STANDARD = "gnu++20";
				CLANG_ENABLE_MODULES = YES;
				CLANG_ENABLE_OBJC_ARC = YES;
				CLANG_ENABLE_OBJC_WEAK = YES;
				CLANG_WARN_BLOCK_CAPTURE_AUTORELEASING = YES;
				CLANG_WARN_BOOL_CONVERSION = YES;
				CLANG_WARN_COMMA = YES;
				CLANG_WARN_CONSTANT_CONVERSION = YES;
				CLANG_WARN_DEPRECATED_OBJC_IMPLEMENTATIONS = YES;
				CLANG_WARN_DIRECT_OBJC_ISA_USAGE = YES_ERROR;
				CLANG_WARN_DOCUMENTATION_COMMENTS = YES;
				CLANG_WARN_EMPTY_BODY = YES;
				CLANG_WARN_ENUM_CONVERSION = YES;
				CLANG_WARN_INFINITE_RECURSION = YES;
				CLANG_WARN_INT_CONVERSION = YES;
				CLANG_WARN_NON_LITERAL_NULL_CONVERSION = YES;
				CLANG_WARN_OBJC_IMPLICIT_RETAIN_SELF = YES;
				CLANG_WARN_OBJC_LITERAL_CONVERSION = YES;
				CLANG_WARN_OBJC_ROOT_CLASS = YES_ERROR;
				CLANG_WARN_QUOTED_INCLUDE_IN_FRAMEWORK_HEADER = YES;
				CLANG_WARN_RANGE_LOOP_ANALYSIS = YES;
				CLANG_WARN_STRICT_PROTOTYPES = YES;
				CLANG_WARN_SUSPICIOUS_MOVE = YES;
				CLANG_WARN_UNGUARDED_AVAILABILITY = YES_AGGRESSIVE;
				CLANG_WARN_UNREACHABLE_CODE = YES;
				CLANG_WARN__DUPLICATE_METHOD_MATCH = YES;
				COPY_PHASE_STRIP = NO;
				DEBUG_INFORMATION_FORMAT = dwarf;
				ENABLE_STRICT_OBJC_MSGSEND = YES;
				ENABLE_TESTABILITY = YES;
				ENABLE_USER_SCRIPT_SANDBOXING = YES;
				GCC_C_LANGUAGE_STANDARD = gnu17;
				GCC_DYNAMIC_NO_PIC = NO;
				GCC_NO_COMMON_BLOCKS = YES;
				GCC_OPTIMIZATION_LEVEL = 0;
				GCC_PREPROCESSOR_DEFINITIONS = (
					"DEBUG=1",
					"$(inherited)",
				);
				GCC_WARN_64_TO_32_BIT_CONVERSION = YES;
				GCC_WARN_ABOUT_RETURN_TYPE = YES_ERROR;
				GCC_WARN_UNDECLARED_SELECTOR = YES;
				GCC_WARN_UNINITIALIZED_AUTOS = YES_AGGRESSIVE;
				GCC_WARN_UNUSED_FUNCTION = YES;
				GCC_WARN_UNUSED_VARIABLE = YES;
				IPHONEOS_DEPLOYMENT_TARGET = 18.1;
				LOCALIZATION_PREFERS_STRING_CATALOGS = YES;
				MTL_ENABLE_DEBUG_INFO = INCLUDE_SOURCE;
				MTL_FAST_MATH = YES;
				ONLY_ACTIVE_ARCH = YES;
				SDKROOT = iphoneos;
				SWIFT_ACTIVE_COMPILATION_CONDITIONS = "DEBUG $(inherited)";
				SWIFT_OPTIMIZATION_LEVEL = "-Onone";
			};
			name = Debug;
		};
		BDB5BEB82CF3045200B6BB49 /* Release */ = {
			isa = XCBuildConfiguration;
			buildSettings = {
				ALWAYS_SEARCH_USER_PATHS = NO;
				ASSETCATALOG_COMPILER_GENERATE_SWIFT_ASSET_SYMBOL_EXTENSIONS = YES;
				CLANG_ANALYZER_NONNULL = YES;
				CLANG_ANALYZER_NUMBER_OBJECT_CONVERSION = YES_AGGRESSIVE;
				CLANG_CXX_LANGUAGE_STANDARD = "gnu++20";
				CLANG_ENABLE_MODULES = YES;
				CLANG_ENABLE_OBJC_ARC = YES;
				CLANG_ENABLE_OBJC_WEAK = YES;
				CLANG_WARN_BLOCK_CAPTURE_AUTORELEASING = YES;
				CLANG_WARN_BOOL_CONVERSION = YES;
				CLANG_WARN_COMMA = YES;
				CLANG_WARN_CONSTANT_CONVERSION = YES;
				CLANG_WARN_DEPRECATED_OBJC_IMPLEMENTATIONS = YES;
				CLANG_WARN_DIRECT_OBJC_ISA_USAGE = YES_ERROR;
				CLANG_WARN_DOCUMENTATION_COMMENTS = YES;
				CLANG_WARN_EMPTY_BODY = YES;
				CLANG_WARN_ENUM_CONVERSION = YES;
				CLANG_WARN_INFINITE_RECURSION = YES;
				CLANG_WARN_INT_CONVERSION = YES;
				CLANG_WARN_NON_LITERAL_NULL_CONVERSION = YES;
				CLANG_WARN_OBJC_IMPLICIT_RETAIN_SELF = YES;
				CLANG_WARN_OBJC_LITERAL_CONVERSION = YES;
				CLANG_WARN_OBJC_ROOT_CLASS = YES_ERROR;
				CLANG_WARN_QUOTED_INCLUDE_IN_FRAMEWORK_HEADER = YES;
				CLANG_WARN_RANGE_LOOP_ANALYSIS = YES;
				CLANG_WARN_STRICT_PROTOTYPES = YES;
				CLANG_WARN_SUSPICIOUS_MOVE = YES;
				CLANG_WARN_UNGUARDED_AVAILABILITY = YES_AGGRESSIVE;
				CLANG_WARN_UNREACHABLE_CODE = YES;
				CLANG_WARN__DUPLICATE_METHOD_MATCH = YES;
				COPY_PHASE_STRIP = NO;
				DEBUG_INFORMATION_FORMAT = "dwarf-with-dsym";
				ENABLE_NS_ASSERTIONS = NO;
				ENABLE_STRICT_OBJC_MSGSEND = YES;
				ENABLE_USER_SCRIPT_SANDBOXING = YES;
				GCC_C_LANGUAGE_STANDARD = gnu17;
				GCC_NO_COMMON_BLOCKS = YES;
				GCC_WARN_64_TO_32_BIT_CONVERSION = YES;
				GCC_WARN_ABOUT_RETURN_TYPE = YES_ERROR;
				GCC_WARN_UNDECLARED_SELECTOR = YES;
				GCC_WARN_UNINITIALIZED_AUTOS = YES_AGGRESSIVE;
				GCC_WARN_UNUSED_FUNCTION = YES;
				GCC_WARN_UNUSED_VARIABLE = YES;
				IPHONEOS_DEPLOYMENT_TARGET = 18.1;
				LOCALIZATION_PREFERS_STRING_CATALOGS = YES;
				MTL_ENABLE_DEBUG_INFO = NO;
				MTL_FAST_MATH = YES;
				SDKROOT = iphoneos;
				SWIFT_COMPILATION_MODE = wholemodule;
				VALIDATE_PRODUCT = YES;
			};
			name = Release;
		};
		BDB5BEBA2CF3045200B6BB49 /* Debug */ = {
			isa = XCBuildConfiguration;
			buildSettings = {
				ASSETCATALOG_COMPILER_APPICON_NAME = AppIcon;
				ASSETCATALOG_COMPILER_GLOBAL_ACCENT_COLOR_NAME = AccentColor;
				CODE_SIGN_STYLE = Automatic;
				CURRENT_PROJECT_VERSION = 1;
				DEVELOPMENT_ASSET_PATHS = "\"Pointcloud/Preview Content\"";
				DEVELOPMENT_TEAM = C72BJN8BM4;
				ENABLE_PREVIEWS = YES;
				GENERATE_INFOPLIST_FILE = YES;
				INFOPLIST_KEY_NSCameraUsageDescription = "";
				INFOPLIST_KEY_UIApplicationSupportsIndirectInputEvents = YES;
				INFOPLIST_KEY_UILaunchScreen_Generation = YES;
				INFOPLIST_KEY_UIRequiredDeviceCapabilities = arkit;
				INFOPLIST_KEY_UIStatusBarHidden = YES;
				INFOPLIST_KEY_UISupportedInterfaceOrientations_iPad = "UIInterfaceOrientationPortrait UIInterfaceOrientationPortraitUpsideDown UIInterfaceOrientationLandscapeLeft UIInterfaceOrientationLandscapeRight";
				INFOPLIST_KEY_UISupportedInterfaceOrientations_iPhone = "UIInterfaceOrientationPortrait UIInterfaceOrientationLandscapeLeft UIInterfaceOrientationLandscapeRight";
				LD_RUNPATH_SEARCH_PATHS = (
					"$(inherited)",
					"@executable_path/Frameworks",
				);
				MARKETING_VERSION = 1.0;
				PRODUCT_BUNDLE_IDENTIFIER = aasurjya.Pointcloud;
				PRODUCT_NAME = "$(TARGET_NAME)";
				SWIFT_EMIT_LOC_STRINGS = YES;
				SWIFT_VERSION = 5.0;
				TARGETED_DEVICE_FAMILY = "1,2";
			};
			name = Debug;
		};
		BDB5BEBB2CF3045200B6BB49 /* Release */ = {
			isa = XCBuildConfiguration;
			buildSettings = {
				ASSETCATALOG_COMPILER_APPICON_NAME = AppIcon;
				ASSETCATALOG_COMPILER_GLOBAL_ACCENT_COLOR_NAME = AccentColor;
				CODE_SIGN_STYLE = Automatic;
				CURRENT_PROJECT_VERSION = 1;
				DEVELOPMENT_ASSET_PATHS = "\"Pointcloud/Preview Content\"";
				DEVELOPMENT_TEAM = C72BJN8BM4;
				ENABLE_PREVIEWS = YES;
				GENERATE_INFOPLIST_FILE = YES;
				INFOPLIST_KEY_NSCameraUsageDescription = "";
				INFOPLIST_KEY_UIApplicationSupportsIndirectInputEvents = YES;
				INFOPLIST_KEY_UILaunchScreen_Generation = YES;
				INFOPLIST_KEY_UIRequiredDeviceCapabilities = arkit;
				INFOPLIST_KEY_UIStatusBarHidden = YES;
				INFOPLIST_KEY_UISupportedInterfaceOrientations_iPad = "UIInterfaceOrientationPortrait UIInterfaceOrientationPortraitUpsideDown UIInterfaceOrientationLandscapeLeft UIInterfaceOrientationLandscapeRight";
				INFOPLIST_KEY_UISupportedInterfaceOrientations_iPhone = "UIInterfaceOrientationPortrait UIInterfaceOrientationLandscapeLeft UIInterfaceOrientationLandscapeRight";
				LD_RUNPATH_SEARCH_PATHS = (
					"$(inherited)",
					"@executable_path/Frameworks",
				);
				MARKETING_VERSION = 1.0;
				PRODUCT_BUNDLE_IDENTIFIER = aasurjya.Pointcloud;
				PRODUCT_NAME = "$(TARGET_NAME)";
				SWIFT_EMIT_LOC_STRINGS = YES;
				SWIFT_VERSION = 5.0;
				TARGETED_DEVICE_FAMILY = "1,2";
			};
			name = Release;
		};
		BDB5BEBD2CF3045200B6BB49 /* Debug */ = {
			isa = XCBuildConfiguration;
			buildSettings = {
				BUNDLE_LOADER = "$(TEST_HOST)";
				CODE_SIGN_STYLE = Automatic;
				CURRENT_PROJECT_VERSION = 1;
				DEVELOPMENT_TEAM = C72BJN8BM4;
				GENERATE_INFOPLIST_FILE = YES;
				IPHONEOS_DEPLOYMENT_TARGET = 18.1;
				MARKETING_VERSION = 1.0;
				PRODUCT_BUNDLE_IDENTIFIER = aasurjya.PointcloudTests;
				PRODUCT_NAME = "$(TARGET_NAME)";
				SWIFT_EMIT_LOC_STRINGS = NO;
				SWIFT_VERSION = 5.0;
				TARGETED_DEVICE_FAMILY = "1,2";
				TEST_HOST = "$(BUILT_PRODUCTS_DIR)/Pointcloud.app/$(BUNDLE_EXECUTABLE_FOLDER_PATH)/Pointcloud";
			};
			name = Debug;
		};
		BDB5BEBE2CF3045200B6BB49 /* Release */ = {
			isa = XCBuildConfiguration;
			buildSettings = {
				BUNDLE_LOADER = "$(TEST_HOST)";
				CODE_SIGN_STYLE = Automatic;
				CURRENT_PROJECT_VERSION = 1;
				DEVELOPMENT_TEAM = C72BJN8BM4;
				GENERATE_INFOPLIST_FILE = YES;
				IPHONEOS_DEPLOYMENT_TARGET = 18.1;
				MARKETING_VERSION = 1.0;
				PRODUCT_BUNDLE_IDENTIFIER = aasurjya.PointcloudTests;
				PRODUCT_NAME = "$(TARGET_NAME)";
				SWIFT_EMIT_LOC_STRINGS = NO;
				SWIFT_VERSION = 5.0;
				TARGETED_DEVICE_FAMILY = "1,2";
				TEST_HOST = "$(BUILT_PRODUCTS_DIR)/Pointcloud.app/$(BUNDLE_EXECUTABLE_FOLDER_PATH)/Pointcloud";
			};
			name = Release;
		};
		BDB5BEC02CF3045200B6BB49 /* Debug */ = {
			isa = XCBuildConfiguration;
			buildSettings = {
				CODE_SIGN_STYLE = Automatic;
				CURRENT_PROJECT_VERSION = 1;
				DEVELOPMENT_TEAM = C72BJN8BM4;
				GENERATE_INFOPLIST_FILE = YES;
				MARKETING_VERSION = 1.0;
				PRODUCT_BUNDLE_IDENTIFIER = aasurjya.PointcloudUITests;
				PRODUCT_NAME = "$(TARGET_NAME)";
				SWIFT_EMIT_LOC_STRINGS = NO;
				SWIFT_VERSION = 5.0;
				TARGETED_DEVICE_FAMILY = "1,2";
				TEST_TARGET_NAME = Pointcloud;
			};
			name = Debug;
		};
		BDB5BEC12CF3045200B6BB49 /* Release */ = {
			isa = XCBuildConfiguration;
			buildSettings = {
				CODE_SIGN_STYLE = Automatic;
				CURRENT_PROJECT_VERSION = 1;
				DEVELOPMENT_TEAM = C72BJN8BM4;
				GENERATE_INFOPLIST_FILE = YES;
				MARKETING_VERSION = 1.0;
				PRODUCT_BUNDLE_IDENTIFIER = aasurjya.PointcloudUITests;
				PRODUCT_NAME = "$(TARGET_NAME)";
				SWIFT_EMIT_LOC_STRINGS = NO;
				SWIFT_VERSION = 5.0;
				TARGETED_DEVICE_FAMILY = "1,2";
				TEST_TARGET_NAME = Pointcloud;
			};
			name = Release;
		};
/* End XCBuildConfiguration section */

/* Begin XCConfigurationList section */
		BDB5BE902CF3045000B6BB49 /* Build configuration list for PBXProject "Pointcloud" */ = {
			isa = XCConfigurationList;
			buildConfigurations = (
				BDB5BEB72CF3045200B6BB49 /* Debug */,
				BDB5BEB82CF3045200B6BB49 /* Release */,
			);
			defaultConfigurationIsVisible = 0;
			defaultConfigurationName = Release;
		};
		BDB5BEB92CF3045200B6BB49 /* Build configuration list for PBXNativeTarget "Pointcloud" */ = {
			isa = XCConfigurationList;
			buildConfigurations = (
				BDB5BEBA2CF3045200B6BB49 /* Debug */,
				BDB5BEBB2CF3045200B6BB49 /* Release */,
			);
			defaultConfigurationIsVisible = 0;
			defaultConfigurationName = Release;
		};
		BDB5BEBC2CF3045200B6BB49 /* Build configuration list for PBXNativeTarget "PointcloudTests" */ = {
			isa = XCConfigurationList;
			buildConfigurations = (
				BDB5BEBD2CF3045200B6BB49 /* Debug */,
				BDB5BEBE2CF3045200B6BB49 /* Release */,
			);
			defaultConfigurationIsVisible = 0;
			defaultConfigurationName = Release;
		};
		BDB5BEBF2CF3045200B6BB49 /* Build configuration list for PBXNativeTarget "PointcloudUITests" */ = {
			isa = XCConfigurationList;
			buildConfigurations = (
				BDB5BEC02CF3045200B6BB49 /* Debug */,
				BDB5BEC12CF3045200B6BB49 /* Release */,
			);
			defaultConfigurationIsVisible = 0;
			defaultConfigurationName = Release;
		};
/* End XCConfigurationList section */
	};
	rootObject = BDB5BE8D2CF3045000B6BB49 /* Project object */;
}
